
Microsoft Visual Studio Solution File, Format Version 12.00
# Visual Studio Version 17
VisualStudioVersion = 17.0.32014.148
MinimumVisualStudioVersion = 10.0.40219.1
Project("{9A19103F-16F7-4668-BE54-9A1E7A4F7556}") = "3_Longest_Substring_Without_Repeating_Characters", "3_Longest_Substring_Without_Repeating_Characters\3_Longest_Substring_Without_Repeating_Characters.csproj", "{23A6EC76-3F1F-4104-AE33-E14DB572337B}"
EndProject
Project("{9A19103F-16F7-4668-BE54-9A1E7A4F7556}") = "66_Plus_One", "66_Plus_One\66_Plus_One.csproj", "{CBB1E0E7-E83E-4A7D-B5BD-E096A2BDDB8D}"
EndProject
Project("{9A19103F-16F7-4668-BE54-9A1E7A4F7556}") = "9_Palindrome_Number", "9_Palindrome_Number\9_Palindrome_Number.csproj", "{7D1E439C-14EE-49C3-ABD7-67BA74B297E3}"
EndProject
Project("{9A19103F-16F7-4668-BE54-9A1E7A4F7556}") = "205_Isomorphic_Strings", "205_Isomorphic_Strings\205_Isomorphic_Strings.csproj", "{CEAB2BC6-266B-4EAC-AB8F-25FCB2382394}"
EndProject
Project("{FAE04EC0-301F-11D3-BF4B-00C04F79EFBC}") = "392_IsSubsequence", "392_IsSubsequence\392_IsSubsequence.csproj", "{13377DB2-3B70-4DDE-8C84-D07F582BA732}"
EndProject
Global
	GlobalSection(SolutionConfigurationPlatforms) = preSolution
		Debug|Any CPU = Debug|Any CPU
		Release|Any CPU = Release|Any CPU
	EndGlobalSection
	GlobalSection(ProjectConfigurationPlatforms) = postSolution
		{23A6EC76-3F1F-4104-AE33-E14DB572337B}.Debug|Any CPU.ActiveCfg = Debug|Any CPU
		{23A6EC76-3F1F-4104-AE33-E14DB572337B}.Debug|Any CPU.Build.0 = Debug|Any CPU
		{23A6EC76-3F1F-4104-AE33-E14DB572337B}.Release|Any CPU.ActiveCfg = Release|Any CPU
		{23A6EC76-3F1F-4104-AE33-E14DB572337B}.Release|Any CPU.Build.0 = Release|Any CPU
		{CBB1E0E7-E83E-4A7D-B5BD-E096A2BDDB8D}.Debug|Any CPU.ActiveCfg = Debug|Any CPU
		{CBB1E0E7-E83E-4A7D-B5BD-E096A2BDDB8D}.Debug|Any CPU.Build.0 = Debug|Any CPU
		{CBB1E0E7-E83E-4A7D-B5BD-E096A2BDDB8D}.Release|Any CPU.ActiveCfg = Release|Any CPU
		{CBB1E0E7-E83E-4A7D-B5BD-E096A2BDDB8D}.Release|Any CPU.Build.0 = Release|Any CPU
		{7D1E439C-14EE-49C3-ABD7-67BA74B297E3}.Debug|Any CPU.ActiveCfg = Debug|Any CPU
		{7D1E439C-14EE-49C3-ABD7-67BA74B297E3}.Debug|Any CPU.Build.0 = Debug|Any CPU
		{7D1E439C-14EE-49C3-ABD7-67BA74B297E3}.Release|Any CPU.ActiveCfg = Release|Any CPU
		{7D1E439C-14EE-49C3-ABD7-67BA74B297E3}.Release|Any CPU.Build.0 = Release|Any CPU
		{CEAB2BC6-266B-4EAC-AB8F-25FCB2382394}.Debug|Any CPU.ActiveCfg = Debug|Any CPU
		{CEAB2BC6-266B-4EAC-AB8F-25FCB2382394}.Debug|Any CPU.Build.0 = Debug|Any CPU
		{CEAB2BC6-266B-4EAC-AB8F-25FCB2382394}.Release|Any CPU.ActiveCfg = Release|Any CPU
		{CEAB2BC6-266B-4EAC-AB8F-25FCB2382394}.Release|Any CPU.Build.0 = Release|Any CPU
		{13377DB2-3B70-4DDE-8C84-D07F582BA732}.Debug|Any CPU.ActiveCfg = Debug|Any CPU
		{13377DB2-3B70-4DDE-8C84-D07F582BA732}.Debug|Any CPU.Build.0 = Debug|Any CPU
		{13377DB2-3B70-4DDE-8C84-D07F582BA732}.Release|Any CPU.ActiveCfg = Release|Any CPU
		{13377DB2-3B70-4DDE-8C84-D07F582BA732}.Release|Any CPU.Build.0 = Release|Any CPU
	EndGlobalSection
	GlobalSection(SolutionProperties) = preSolution
		HideSolutionNode = FALSE
	EndGlobalSection
	GlobalSection(ExtensibilityGlobals) = postSolution
		SolutionGuid = {8E1E39A8-44E5-487C-87A7-451A3080FE84}
	EndGlobalSection
EndGlobal
